
Microsoft Visual Studio Solution File, Format Version 12.00
# Visual Studio 15
VisualStudioVersion = 15.0.28307.1622
MinimumVisualStudioVersion = 10.0.40219.1
Project("{8BC9CEB8-8B4A-11D0-8D11-00A0C91BC942}") = "Numcore_messaging_library", "Numcore_messaging_library\Numcore_messaging_library.vcxproj", "{5853D66D-F89D-49C6-A590-71C828686ABE}"
EndProject
Project("{8BC9CEB8-8B4A-11D0-8D11-00A0C91BC942}") = "isto", "..\isto.vcxproj", "{4375BAC5-0E9A-4B45-9792-903178269253}"
EndProject
Project("{8BC9CEB8-8B4A-11D0-8D11-00A0C91BC942}") = "message-recorder", "message-recorder\message-recorder.vcxproj", "{960E4AF2-0890-416A-8FBE-E427B7FAA357}"
	ProjectSection(ProjectDependencies) = postProject
		{5853D66D-F89D-49C6-A590-71C828686ABE} = {5853D66D-F89D-49C6-A590-71C828686ABE}
		{4375BAC5-0E9A-4B45-9792-903178269253} = {4375BAC5-0E9A-4B45-9792-903178269253}
	EndProjectSection
EndProject
Global
	GlobalSection(SolutionConfigurationPlatforms) = preSolution
		Debug|Win32 = Debug|Win32
		Debug|x64 = Debug|x64
		Release|Win32 = Release|Win32
		Release|x64 = Release|x64
	EndGlobalSection
	GlobalSection(ProjectConfigurationPlatforms) = postSolution
		{5853D66D-F89D-49C6-A590-71C828686ABE}.Debug|Win32.ActiveCfg = Debug|Win32
		{5853D66D-F89D-49C6-A590-71C828686ABE}.Debug|Win32.Build.0 = Debug|Win32
		{5853D66D-F89D-49C6-A590-71C828686ABE}.Debug|x64.ActiveCfg = Debug|x64
		{5853D66D-F89D-49C6-A590-71C828686ABE}.Debug|x64.Build.0 = Debug|x64
		{5853D66D-F89D-49C6-A590-71C828686ABE}.Release|Win32.ActiveCfg = Release|Win32
		{5853D66D-F89D-49C6-A590-71C828686ABE}.Release|Win32.Build.0 = Release|Win32
		{5853D66D-F89D-49C6-A590-71C828686ABE}.Release|x64.ActiveCfg = Release|x64
		{5853D66D-F89D-49C6-A590-71C828686ABE}.Release|x64.Build.0 = Release|x64
		{4375BAC5-0E9A-4B45-9792-903178269253}.Debug|Win32.ActiveCfg = Debug|Win32
		{4375BAC5-0E9A-4B45-9792-903178269253}.Debug|Win32.Build.0 = Debug|Win32
		{4375BAC5-0E9A-4B45-9792-903178269253}.Debug|x64.ActiveCfg = Debug|x64
		{4375BAC5-0E9A-4B45-9792-903178269253}.Debug|x64.Build.0 = Debug|x64
		{4375BAC5-0E9A-4B45-9792-903178269253}.Release|Win32.ActiveCfg = Release|Win32
		{4375BAC5-0E9A-4B45-9792-903178269253}.Release|Win32.Build.0 = Release|Win32
		{4375BAC5-0E9A-4B45-9792-903178269253}.Release|x64.ActiveCfg = Release|x64
		{4375BAC5-0E9A-4B45-9792-903178269253}.Release|x64.Build.0 = Release|x64
		{960E4AF2-0890-416A-8FBE-E427B7FAA357}.Debug|Win32.ActiveCfg = Debug|Win32
		{960E4AF2-0890-416A-8FBE-E427B7FAA357}.Debug|Win32.Build.0 = Debug|Win32
		{960E4AF2-0890-416A-8FBE-E427B7FAA357}.Debug|x64.ActiveCfg = Debug|x64
		{960E4AF2-0890-416A-8FBE-E427B7FAA357}.Debug|x64.Build.0 = Debug|x64
		{960E4AF2-0890-416A-8FBE-E427B7FAA357}.Release|Win32.ActiveCfg = Release|Win32
		{960E4AF2-0890-416A-8FBE-E427B7FAA357}.Release|Win32.Build.0 = Release|Win32
		{960E4AF2-0890-416A-8FBE-E427B7FAA357}.Release|x64.ActiveCfg = Release|x64
		{960E4AF2-0890-416A-8FBE-E427B7FAA357}.Release|x64.Build.0 = Release|x64
	EndGlobalSection
	GlobalSection(SolutionProperties) = preSolution
		HideSolutionNode = FALSE
	EndGlobalSection
	GlobalSection(ExtensibilityGlobals) = postSolution
		SolutionGuid = {D3D80B46-E6A6-4CDC-8EDC-066C7D425CD6}
	EndGlobalSection
EndGlobal
